# THIS IS AN AUTOGENERATED FILE. DO NOT EDIT THIS FILE DIRECTLY.
# yarn lockfile v1


graceful-fs@^4.1.11:
  version "4.1.11"
  resolved "https://registry.yarnpkg.com/graceful-fs/-/graceful-fs-4.1.11.tgz#0e8bdfe4d1ddb8854d64e04ea7c00e2a026e5658"

jquery@^3.2.1:
  version "3.2.1"
  resolved "https://registry.yarnpkg.com/jquery/-/jquery-3.2.1.tgz#5c4d9de652af6cd0a770154a631bba12b015c787"

jquery@~2.1.4:
  version "2.1.4"
  resolved "https://registry.yarnpkg.com/jquery/-/jquery-2.1.4.tgz#228bde698a0c61431dc2630a6a154f15890d2317"

parsley@^0.1.0:
  version "0.1.0"
  resolved "https://registry.yarnpkg.com/parsley/-/parsley-0.1.0.tgz#8d3c69530c1590df764dbe97c5eed2b54c6fb9f4"

readmore-js@^2.1.0:
  version "2.1.0"
  resolved "https://registry.yarnpkg.com/readmore-js/-/readmore-js-2.1.0.tgz#0cf33cfc6f1f06af2a58e8e4fc4704db8c77fb57"
  dependencies:
    jquery "~2.1.4"

trumbowyg@^2.5.1:
  version "2.5.1"
  resolved "https://registry.yarnpkg.com/trumbowyg/-/trumbowyg-2.5.1.tgz#57e292a468c92f6244ebb41013219288345e78f8"
